
Microsoft Visual Studio Solution File, Format Version 12.00
# Visual Studio 15
VisualStudioVersion = 15.0.28010.2016
MinimumVisualStudioVersion = 10.0.40219.1
Project("{8BC9CEB8-8B4A-11D0-8D11-00A0C91BC942}") = "password", "password\password.vcxproj", "{57FCED8D-791E-4C98-9447-CD573B31A0FA}"
EndProject
Global
	GlobalSection(SolutionConfigurationPlatforms) = preSolution
		Debug|x64 = Debug|x64
		Debug|x86 = Debug|x86
		Release|x64 = Release|x64
		Release|x86 = Release|x86
	EndGlobalSection
	GlobalSection(ProjectConfigurationPlatforms) = postSolution
		{57FCED8D-791E-4C98-9447-CD573B31A0FA}.Debug|x64.ActiveCfg = Debug|x64
		{57FCED8D-791E-4C98-9447-CD573B31A0FA}.Debug|x64.Build.0 = Debug|x64
		{57FCED8D-791E-4C98-9447-CD573B31A0FA}.Debug|x86.ActiveCfg = Debug|Win32
		{57FCED8D-791E-4C98-9447-CD573B31A0FA}.Debug|x86.Build.0 = Debug|Win32
		{57FCED8D-791E-4C98-9447-CD573B31A0FA}.Release|x64.ActiveCfg = Release|x64
		{57FCED8D-791E-4C98-9447-CD573B31A0FA}.Release|x64.Build.0 = Release|x64
		{57FCED8D-791E-4C98-9447-CD573B31A0FA}.Release|x86.ActiveCfg = Release|Win32
		{57FCED8D-791E-4C98-9447-CD573B31A0FA}.Release|x86.Build.0 = Release|Win32
	EndGlobalSection
	GlobalSection(SolutionProperties) = preSolution
		HideSolutionNode = FALSE
	EndGlobalSection
	GlobalSection(ExtensibilityGlobals) = postSolution
		SolutionGuid = {4BB80031-1016-4604-9062-5F7B07689D09}
	EndGlobalSection
EndGlobal
